// !$*UTF8*$!
{
	archiveVersion = 1;
	classes = {
	};
	objectVersion = 46;
	objects = {

/* Begin PBXBuildFile section */
		56A0B03B1D9D095A0068D3EB /* AppDelegate.swift in Sources */ = {isa = PBXBuildFile; fileRef = 56A0B03A1D9D095A0068D3EB /* AppDelegate.swift */; };
		56A0B0401D9D095A0068D3EB /* Main.storyboard in Resources */ = {isa = PBXBuildFile; fileRef = 56A0B03E1D9D095A0068D3EB /* Main.storyboard */; };
		56A0B0421D9D095A0068D3EB /* Assets.xcassets in Resources */ = {isa = PBXBuildFile; fileRef = 56A0B0411D9D095A0068D3EB /* Assets.xcassets */; };
		56A0B0451D9D095A0068D3EB /* LaunchScreen.storyboard in Resources */ = {isa = PBXBuildFile; fileRef = 56A0B0431D9D095A0068D3EB /* LaunchScreen.storyboard */; };
		56A0B04D1D9D0AA00068D3EB /* SearchTableViewController.swift in Sources */ = {isa = PBXBuildFile; fileRef = 56A0B04C1D9D0AA00068D3EB /* SearchTableViewController.swift */; };
/* End PBXBuildFile section */

/* Begin PBXFileReference section */
		56A0B0371D9D095A0068D3EB /* HelloSearchResultsController.app */ = {isa = PBXFileReference; explicitFileType = wrapper.application; includeInIndex = 0; path = HelloSearchResultsController.app; sourceTree = BUILT_PRODUCTS_DIR; };
		56A0B03A1D9D095A0068D3EB /* AppDelegate.swift */ = {isa = PBXFileReference; lastKnownFileType = sourcecode.swift; path = AppDelegate.swift; sourceTree = "<group>"; };
		56A0B03F1D9D095A0068D3EB /* Base */ = {isa = PBXFileReference; lastKnownFileType = file.storyboard; name = Base; path = Base.lproj/Main.storyboard; sourceTree = "<group>"; };
		56A0B0411D9D095A0068D3EB /* Assets.xcassets */ = {isa = PBXFileReference; lastKnownFileType = folder.assetcatalog; path = Assets.xcassets; sourceTree = "<group>"; };
		56A0B0441D9D095A0068D3EB /* Base */ = {isa = PBXFileReference; lastKnownFileType = file.storyboard; name = Base; path = Base.lproj/LaunchScreen.storyboard; sourceTree = "<group>"; };
		56A0B0461D9D095A0068D3EB /* Info.plist */ = {isa = PBXFileReference; lastKnownFileType = text.plist.xml; path = Info.plist; sourceTree = "<group>"; };
		56A0B04C1D9D0AA00068D3EB /* SearchTableViewController.swift */ = {isa = PBXFileReference; fileEncoding = 4; lastKnownFileType = sourcecode.swift; path = SearchTableViewController.swift; sourceTree = "<group>"; };
/* End PBXFileReference section */

/* Begin PBXFrameworksBuildPhase section */
		56A0B0341D9D095A0068D3EB /* Frameworks */ = {
			isa = PBXFrameworksBuildPhase;
			buildActionMask = 2147483647;
			files = (
			);
			runOnlyForDeploymentPostprocessing = 0;
		};
/* End PBXFrameworksBuildPhase section */

/* Begin PBXGroup section */
		56A0B02E1D9D095A0068D3EB = {
			isa = PBXGroup;
			children = (
				56A0B0391D9D095A0068D3EB /* HelloSearchResultsController */,
				56A0B0381D9D095A0068D3EB /* Products */,
			);
			sourceTree = "<group>";
		};
		56A0B0381D9D095A0068D3EB /* Products */ = {
			isa = PBXGroup;
			children = (
				56A0B0371D9D095A0068D3EB /* HelloSearchResultsController.app */,
			);
			name = Products;
			sourceTree = "<group>";
		};
		56A0B0391D9D095A0068D3EB /* HelloSearchResultsController */ = {
			isa = PBXGroup;
			children = (
				56A0B03A1D9D095A0068D3EB /* AppDelegate.swift */,
				56A0B03E1D9D095A0068D3EB /* Main.storyboard */,
				56A0B0411D9D095A0068D3EB /* Assets.xcassets */,
				56A0B0431D9D095A0068D3EB /* LaunchScreen.storyboard */,
				56A0B0461D9D095A0068D3EB /* Info.plist */,
				56A0B04C1D9D0AA00068D3EB /* SearchTableViewController.swift */,
			);
			path = HelloSearchResultsController;
			sourceTree = "<group>";
		};
/* End PBXGroup section */

/* Begin PBXNativeTarget section */
		56A0B0361D9D095A0068D3EB /* HelloSearchResultsController */ = {
			isa = PBXNativeTarget;
			buildConfigurationList = 56A0B0491D9D095A0068D3EB /* Build configuration list for PBXNativeTarget "HelloSearchResultsController" */;
			buildPhases = (
				56A0B0331D9D095A0068D3EB /* Sources */,
				56A0B0341D9D095A0068D3EB /* Frameworks */,
				56A0B0351D9D095A0068D3EB /* Resources */,
			);
			buildRules = (
			);
			dependencies = (
			);
			name = HelloSearchResultsController;
			productName = HelloSearchResultsController;
			productReference = 56A0B0371D9D095A0068D3EB /* HelloSearchResultsController.app */;
			productType = "com.apple.product-type.application";
		};
/* End PBXNativeTarget section */

/* Begin PBXProject section */
		56A0B02F1D9D095A0068D3EB /* Project object */ = {
			isa = PBXProject;
			attributes = {
				LastSwiftUpdateCheck = 0800;
				LastUpgradeCheck = 0800;
				ORGANIZATIONNAME = "洪德晟";
				TargetAttributes = {
					56A0B0361D9D095A0068D3EB = {
						CreatedOnToolsVersion = 8.0;
						DevelopmentTeam = 8H7X36TF25;
						ProvisioningStyle = Automatic;
					};
				};
			};
			buildConfigurationList = 56A0B0321D9D095A0068D3EB /* Build configuration list for PBXProject "HelloSearchResultsController" */;
			compatibilityVersion = "Xcode 3.2";
			developmentRegion = English;
			hasScannedForEncodings = 0;
			knownRegions = (
				en,
				Base,
			);
			mainGroup = 56A0B02E1D9D095A0068D3EB;
			productRefGroup = 56A0B0381D9D095A0068D3EB /* Products */;
			projectDirPath = "";
			projectRoot = "";
			targets = (
				56A0B0361D9D095A0068D3EB /* HelloSearchResultsController */,
			);
		};
/* End PBXProject section */

/* Begin PBXResourcesBuildPhase section */
		56A0B0351D9D095A0068D3EB /* Resources */ = {
			isa = PBXResourcesBuildPhase;
			buildActionMask = 2147483647;
			files = (
				56A0B0451D9D095A0068D3EB /* LaunchScreen.storyboard in Resources */,
				56A0B0421D9D095A0068D3EB /* Assets.xcassets in Resources */,
				56A0B0401D9D095A0068D3EB /* Main.storyboard in Resources */,
			);
			runOnlyForDeploymentPostprocessing = 0;
		};
/* End PBXResourcesBuildPhase section */

/* Begin PBXSourcesBuildPhase section */
		56A0B0331D9D095A0068D3EB /* Sources */ = {
			isa = PBXSourcesBuildPhase;
			buildActionMask = 2147483647;
			files = (
				56A0B04D1D9D0AA00068D3EB /* SearchTableViewController.swift in Sources */,
				56A0B03B1D9D095A0068D3EB /* AppDelegate.swift in Sources */,
			);
			runOnlyForDeploymentPostprocessing = 0;
		};
/* End PBXSourcesBuildPhase section */

/* Begin PBXVariantGroup section */
		56A0B03E1D9D095A0068D3EB /* Main.storyboard */ = {
			isa = PBXVariantGroup;
			children = (
				56A0B03F1D9D095A0068D3EB /* Base */,
			);
			name = Main.storyboard;
			sourceTree = "<group>";
		};
		56A0B0431D9D095A0068D3EB /* LaunchScreen.storyboard */ = {
			isa = PBXVariantGroup;
			children = (
				56A0B0441D9D095A0068D3EB /* Base */,
			);
			name = LaunchScreen.storyboard;
			sourceTree = "<group>";
		};
/* End PBXVariantGroup section */

/* Begin XCBuildConfiguration section */
		56A0B0471D9D095A0068D3EB /* Debug */ = {
			isa = XCBuildConfiguration;
			buildSettings = {
				ALWAYS_SEARCH_USER_PATHS = NO;
				CLANG_ANALYZER_NONNULL = YES;
				CLANG_CXX_LANGUAGE_STANDARD = "gnu++0x";
				CLANG_CXX_LIBRARY = "libc++";
				CLANG_ENABLE_MODULES = YES;
				CLANG_ENABLE_OBJC_ARC = YES;
				CLANG_WARN_BOOL_CONVERSION = YES;
				CLANG_WARN_CONSTANT_CONVERSION = YES;
				CLANG_WARN_DIRECT_OBJC_ISA_USAGE = YES_ERROR;
				CLANG_WARN_DOCUMENTATION_COMMENTS = YES;
				CLANG_WARN_EMPTY_BODY = YES;
				CLANG_WARN_ENUM_CONVERSION = YES;
				CLANG_WARN_INFINITE_RECURSION = YES;
				CLANG_WARN_INT_CONVERSION = YES;
				CLANG_WARN_OBJC_ROOT_CLASS = YES_ERROR;
				CLANG_WARN_SUSPICIOUS_MOVES = YES;
				CLANG_WARN_UNREACHABLE_CODE = YES;
				CLANG_WARN__DUPLICATE_METHOD_MATCH = YES;
				"CODE_SIGN_IDENTITY[sdk=iphoneos*]" = "iPhone Developer";
				COPY_PHASE_STRIP = NO;
				DEBUG_INFORMATION_FORMAT = dwarf;
				ENABLE_STRICT_OBJC_MSGSEND = YES;
				ENABLE_TESTABILITY = YES;
				GCC_C_LANGUAGE_STANDARD = gnu99;
				GCC_DYNAMIC_NO_PIC = NO;
				GCC_NO_COMMON_BLOCKS = YES;
				GCC_OPTIMIZATION_LEVEL = 0;
				GCC_PREPROCESSOR_DEFINITIONS = (
					"DEBUG=1",
					"$(inherited)",
				);
				GCC_WARN_64_TO_32_BIT_CONVERSION = YES;
				GCC_WARN_ABOUT_RETURN_TYPE = YES_ERROR;
				GCC_WARN_UNDECLARED_SELECTOR = YES;
				GCC_WARN_UNINITIALIZED_AUTOS = YES_AGGRESSIVE;
				GCC_WARN_UNUSED_FUNCTION = YES;
				GCC_WARN_UNUSED_VARIABLE = YES;
				IPHONEOS_DEPLOYMENT_TARGET = 10.0;
				MTL_ENABLE_DEBUG_INFO = YES;
				ONLY_ACTIVE_ARCH = YES;
				SDKROOT = iphoneos;
				SWIFT_ACTIVE_COMPILATION_CONDITIONS = DEBUG;
				SWIFT_OPTIMIZATION_LEVEL = "-Onone";
			};
			name = Debug;
		};
		56A0B0481D9D095A0068D3EB /* Release */ = {
			isa = XCBuildConfiguration;
			buildSettings = {
				ALWAYS_SEARCH_USER_PATHS = NO;
				CLANG_ANALYZER_NONNULL = YES;
				CLANG_CXX_LANGUAGE_STANDARD = "gnu++0x";
				CLANG_CXX_LIBRARY = "libc++";
				CLANG_ENABLE_MODULES = YES;
				CLANG_ENABLE_OBJC_ARC = YES;
				CLANG_WARN_BOOL_CONVERSION = YES;
				CLANG_WARN_CONSTANT_CONVERSION = YES;
				CLANG_WARN_DIRECT_OBJC_ISA_USAGE = YES_ERROR;
				CLANG_WARN_DOCUMENTATION_COMMENTS = YES;
				CLANG_WARN_EMPTY_BODY = YES;
				CLANG_WARN_ENUM_CONVERSION = YES;
				CLANG_WARN_INFINITE_RECURSION = YES;
				CLANG_WARN_INT_CONVERSION = YES;
				CLANG_WARN_OBJC_ROOT_CLASS = YES_ERROR;
				CLANG_WARN_SUSPICIOUS_MOVES = YES;
				CLANG_WARN_UNREACHABLE_CODE = YES;
				CLANG_WARN__DUPLICATE_METHOD_MATCH = YES;
				"CODE_SIGN_IDENTITY[sdk=iphoneos*]" = "iPhone Developer";
				COPY_PHASE_STRIP = NO;
				DEBUG_INFORMATION_FORMAT = "dwarf-with-dsym";
				ENABLE_NS_ASSERTIONS = NO;
				ENABLE_STRICT_OBJC_MSGSEND = YES;
				GCC_C_LANGUAGE_STANDARD = gnu99;
				GCC_NO_COMMON_BLOCKS = YES;
				GCC_WARN_64_TO_32_BIT_CONVERSION = YES;
				GCC_WARN_ABOUT_RETURN_TYPE = YES_ERROR;
				GCC_WARN_UNDECLARED_SELECTOR = YES;
				GCC_WARN_UNINITIALIZED_AUTOS = YES_AGGRESSIVE;
				GCC_WARN_UNUSED_FUNCTION = YES;
				GCC_WARN_UNUSED_VARIABLE = YES;
				IPHONEOS_DEPLOYMENT_TARGET = 10.0;
				MTL_ENABLE_DEBUG_INFO = NO;
				SDKROOT = iphoneos;
				SWIFT_OPTIMIZATION_LEVEL = "-Owholemodule";
				VALIDATE_PRODUCT = YES;
			};
			name = Release;
		};
		56A0B04A1D9D095A0068D3EB /* Debug */ = {
			isa = XCBuildConfiguration;
			buildSettings = {
				ASSETCATALOG_COMPILER_APPICON_NAME = AppIcon;
				DEVELOPMENT_TEAM = 8H7X36TF25;
				INFOPLIST_FILE = HelloSearchResultsController/Info.plist;
				LD_RUNPATH_SEARCH_PATHS = "$(inherited) @executable_path/Frameworks";
				PRODUCT_BUNDLE_IDENTIFIER = co.ALPHAcamp.HelloSearchResultsController;
				PRODUCT_NAME = "$(TARGET_NAME)";
				SWIFT_VERSION = 3.0;
			};
			name = Debug;
		};
		56A0B04B1D9D095A0068D3EB /* Release */ = {
			isa = XCBuildConfiguration;
			buildSettings = {
				ASSETCATALOG_COMPILER_APPICON_NAME = AppIcon;
				DEVELOPMENT_TEAM = 8H7X36TF25;
				INFOPLIST_FILE = HelloSearchResultsController/Info.plist;
				LD_RUNPATH_SEARCH_PATHS = "$(inherited) @executable_path/Frameworks";
				PRODUCT_BUNDLE_IDENTIFIER = co.ALPHAcamp.HelloSearchResultsController;
				PRODUCT_NAME = "$(TARGET_NAME)";
				SWIFT_VERSION = 3.0;
			};
			name = Release;
		};
/* End XCBuildConfiguration section */

/* Begin XCConfigurationList section */
		56A0B0321D9D095A0068D3EB /* Build configuration list for PBXProject "HelloSearchResultsController" */ = {
			isa = XCConfigurationList;
			buildConfigurations = (
				56A0B0471D9D095A0068D3EB /* Debug */,
				56A0B0481D9D095A0068D3EB /* Release */,
			);
			defaultConfigurationIsVisible = 0;
			defaultConfigurationName = Release;
		};
		56A0B0491D9D095A0068D3EB /* Build configuration list for PBXNativeTarget "HelloSearchResultsController" */ = {
			isa = XCConfigurationList;
			buildConfigurations = (
				56A0B04A1D9D095A0068D3EB /* Debug */,
				56A0B04B1D9D095A0068D3EB /* Release */,
			);
			defaultConfigurationIsVisible = 0;
		};
/* End XCConfigurationList section */
	};
	rootObject = 56A0B02F1D9D095A0068D3EB /* Project object */;
}
